github.com/bsm/ginkgo/v2 v2.5.0 h1:aOAnND1T40wEdAtkGSkvSICWeQ8L3UASX7YVCqQx+eQ=
github.com/bsm/gomega v1.20.0 h1:JhAwLmtRzXFTx2AkALSLa8ijZafntmhSoU63Ok18Uq8=
github.com/cespare/xxhash/v2 v2.2.0 h1:DC2CZ1Ep5Y4k3ZQ899DldepgrayRUGE6BBZ/cd9Cj44=
github.com/cespare/xxhash/v2 v2.2.0/go.mod h1:VGX0DQ3Q6kWi7AoAeZDth3/j3BFtOZR5XLFGgcrjCOs=
github.com/coreos/go-systemd/v22 v22.3.3-0.20220203105225-a9a7ef127534/go.mod h1:Y58oyj3AT4RCenI/lSvhwexgC+NSVTIJ3seZv2GcEnc=
github.com/davecgh/go-spew v1.1.1 h1:vj9j/u1bqnvCEfJOwUhtlOARqs3+rkHYY13jYWTU97c=
github.com/dgryski/go-rendezvous v0.0.0-20200823014737-9f7001d12a5f h1:lO4WD4F/rVNCu3HqELle0jiPLLBs70cWOduZpkS1E78=
github.com/dgryski/go-rendezvous v0.0.0-20200823014737-9f7001d12a5f/go.mod h1:cuUVRXasLTGF7a8hSLbxyZXjz+1KgoB3wDUb6vlszIc=
github.com/godbus/dbus/v5 v5.0.4/go.mod h1:xhWf0FNVPg57R7Z0UbKHbJfkEywrmjJnf7w5xrFpKfA=
github.com/golang/glog v1.0.0 h1:nfP3RFugxnNRyKgeWd4oI1nYvXpxrx8ck8ZrcizshdQ=
github.com/golang/protobuf v1.5.0/go.mod h1:FsONVRAS9T7sI+LIUmWTfcYkHO4aIWwzhcaSAoJOfIk=
github.com/golang/protobuf v1.5.2 h1:ROPKBNFfQgOUMifHyP+KYbvpjbdoFNs+aK7DXlji0Tw=
github.com/golang/protobuf v1.5.2/go.mod h1:XVQd3VNwM+JqD3oG2Ue2ip4fOMUkwXdXDdiuN0vRsmY=
github.com/google/go-cmp v0.5.5/go.mod h1:v8dTdLbMG2kIc/vJvl+f65V22dbkXbowE6jgT/gNBxE=
github.com/google/go-cmp v0.5.9 h1:O2Tfq5qg4qc4AmwVlvv0oLiVAGB7enBSJ2x2DqQFi38=
github.com/google/go-cmp v0.5.9/go.mod h1:17dUlkBOakJ0+DkrSSNjCkIjxS6bF9zb3elmeNGIjoY=
github.com/google/gops v0.3.27 h1:BDdWfedShsBbeatZ820oA4DbVOC8yJ4NI8xAlDFWfgI=
github.com/google/gops v0.3.27/go.mod h1:lYqabmfnq4Q6UumWNx96Hjup5BDAVc8zmfIy0SkNCSk=
github.com/grpc-ecosystem/grpc-gateway/v2 v2.15.2 h1:gDLXvp5S9izjldquuoAhDzccbskOL6tDC5jMSyx3zxE=
github.com/grpc-ecosystem/grpc-gateway/v2 v2.15.2/go.mod h1:7pdNwVWBBHGiCxa9lAszqCJMbfTISJ7oMftp8+UGV08=
github.com/jonboulle/clockwork v0.3.0 h1:9BSCMi8C+0qdApAp4auwX0RkLGUjs956h0EkuQymUhg=
github.com/mattn/go-colorable v0.1.12 h1:jF+Du6AlPIjs2BiUiQlKOX0rt3SujHxPnksPKZbaA40=
github.com/mattn/go-colorable v0.1.12/go.mod h1:u5H1YNBxpqRaxsYJYSkiCWKzEfiAb1Gb520KVy5xxl4=
github.com/mattn/go-isatty v0.0.14 h1:yVuAays6BHfxijgZPzw+3Zlu5yQgKGP2/hcQbHb7S9Y=
github.com/mattn/go-isatty v0.0.14/go.mod h1:7GGIvUiUoEMVVmxf/4nioHXj79iQHKdU27kJ6hsGG94=
github.com/pkg/errors v0.9.1 h1:FEBLx1zS214owpjy7qsBeixbURkuhQAwrK5UwLGTwt4=
github.com/pkg/errors v0.9.1/go.mod h1:bwawxfHBFNV+L2hUp1rHADufV3IMtnDRdf1r5NINEl0=
github.com/pmezard/go-difflib v1.0.0 h1:4DBwDE0NGyQoBHbLQYPwSUPoCMWR5BEzIk/f1lZbAQM=
github.com/redis/go-redis/v9 v9.0.2 h1:BA426Zqe/7r56kCcvxYLWe1mkaz71LKF77GwgFzSxfE=
github.com/redis/go-redis/v9 v9.0.2/go.mod h1:/xDTe9EF1LM61hek62Poq2nzQSGj0xSrEtEHbBQevps=
github.com/rs/xid v1.4.0/go.mod h1:trrq9SKmegXys3aeAKXMUTdJsYXVwGY3RLcfgqegfbg=
github.com/rs/zerolog v1.28.0 h1:MirSo27VyNi7RJYP3078AA1+Cyzd2GB66qy3aUHvsWY=
github.com/rs/zerolog v1.28.0/go.mod h1:NILgTygv/Uej1ra5XxGf82ZFSLk58MFGAUS2o6usyD0=
github.com/stretchr/testify v1.8.1 h1:w7B6lhMri9wdJUVmEZPGGhZzrYTPvgJArz7wNPgYKsk=
golang.org/x/net v0.7.0 h1:rJrUqqhjsgNp7KqAIc25s9pZnjU7TUcSY7HcVZjdn1g=
golang.org/x/net v0.7.0/go.mod h1:2Tu9+aMcznHK/AK1HMvgo6xiTLG5rD5rZLDS+rp2Bjs=
golang.org/x/sys v0.0.0-20210630005230-0f9fa26af87c/go.mod h1:oPkhp1MJrh7nUepCBck5+mAzfO9JrbApNNgaTdGDITg=
golang.org/x/sys v0.0.0-20210927094055-39ccf1dd6fa6/go.mod h1:oPkhp1MJrh7nUepCBck5+mAzfO9JrbApNNgaTdGDITg=
golang.org/x/sys v0.5.0 h1:MUK/U/4lj1t1oPg0HfuXDN/Z1wv31ZJ/YcPiGccS4DU=
golang.org/x/sys v0.5.0/go.mod h1:oPkhp1MJrh7nUepCBck5+mAzfO9JrbApNNgaTdGDITg=
golang.org/x/text v0.7.0 h1:4BRB4x83lYWy72KwLD/qYDuTu7q9PjSagHvijDw7cLo=
golang.org/x/text v0.7.0/go.mod h1:mrYo+phRRbMaCq/xk9113O4dZlRixOauAjOtrjsXDZ8=
golang.org/x/xerrors v0.0.0-20191204190536-9bdfabe68543/go.mod h1:I/5z698sn9Ka8TeJc9MKroUUfqBBauWjQqLJ2OPfmY0=
google.golang.org/genproto v0.0.0-20230223222841-637eb2293923 h1:znp6mq/drrY+6khTAlJUDNFFcDGV2ENLYKpMq8SyCds=
google.golang.org/genproto v0.0.0-20230223222841-637eb2293923/go.mod h1:3Dl5ZL0q0isWJt+FVcfpQyirqemEuLAK/iFvg1UP1Hw=
google.golang.org/grpc v1.53.0 h1:LAv2ds7cmFV/XTS3XG1NneeENYrXGmorPxsBbptIjNc=
google.golang.org/grpc v1.53.0/go.mod h1:OnIrk0ipVdj4N5d9IUoFUx72/VlD7+jUsHwZgwSMQpw=
google.golang.org/protobuf v1.26.0-rc.1/go.mod h1:jlhhOSvTdKEhbULTjvd4ARK9grFBp09yW+WbY/TyQbw=
google.golang.org/protobuf v1.26.0/go.mod h1:9q0QmTI4eRPtz6boOQmLYwt+qCgq0jsYwAQnmE0givc=
google.golang.org/protobuf v1.28.1 h1:d0NfwRgPtno5B1Wa6L2DAG+KivqkdutMf1UhdNx175w=
google.golang.org/protobuf v1.28.1/go.mod h1:HV8QOd/L58Z+nl8r43ehVNZIU/HEI6OcFqwMG9pJV4I=
gopkg.in/yaml.v3 v3.0.1 h1:fxVm/GzAzEWqLHuvctI91KS9hhNmmWOoWu0XTYJS7CA=
gotest.tools v2.2.0+incompatible h1:VsBPFP1AI068pPrMxtb/S8Zkgf9xEmTLJjfM+P5UIEo=
gotest.tools v2.2.0+incompatible/go.mod h1:DsYFclhRJ6vuDpmuTbkuFWG+y2sxOXAzmJt81HFBacw=
periph.io/x/conn/v3 v3.7.0 h1:f1EXLn4pkf7AEWwkol2gilCNZ0ElY+bxS4WE2PQXfrA=
periph.io/x/conn/v3 v3.7.0/go.mod h1:ypY7UVxgDbP9PJGwFSVelRRagxyXYfttVh7hJZUHEhg=
periph.io/x/host/v3 v3.8.2 h1:ayKUDzgUCN0g8+/xM9GTkWaOBhSLVcVHGTfjAOi8OsQ=
periph.io/x/host/v3 v3.8.2/go.mod h1:yFL76AesNHR68PboofSWYaQTKmvPXsQH2Apvp/ls/K4=
